<?xml version="1.0" encoding="utf-8"?>
<Project ToolsVersion="4.0" xmlns="http://schemas.microsoft.com/developer/msbuild/2003">
  <ItemGroup>
    <ClCompile Include="..\ABI\base\string\string_case.cc">
      <Filter>ABI\base\string</Filter>
    </ClCompile>
    <ClCompile Include="..\ABI\base\string\string_split.cc">
      <Filter>ABI\base\string</Filter>
    </ClCompile>
    <ClCompile Include="..\ABI\base\windows_hardware.cc">
      <Filter>ABI\base</Filter>
    </ClCompile>
    <ClCompile Include="..\ABI\base\windows_version.cc">
      <Filter>ABI\base</Filter>
    </ClCompile>
    <ClCompile Include="..\ABI\ios_authorize\itunes_module.cc">
      <Filter>ABI\ios_authorize</Filter>
    </ClCompile>
    <ClCompile Include="..\ABI\itunes_reverse\itunes_abi.cc">
      <Filter>ABI\itunes_reverse</Filter>
    </ClCompile>
    <ClCompile Include="..\ABI\base\file\directory.cc">
      <Filter>ABI\base\file</Filter>
    </ClCompile>
    <ClCompile Include="..\ABI\base\file\path.cc">
      <Filter>ABI\base\file</Filter>
    </ClCompile>
    <ClCompile Include="..\ABI\ios_authorize\apple_import.cpp">
      <Filter>ABI\ios_authorize</Filter>
    </ClCompile>
    <ClCompile Include="..\ABI\ios_authorize\itunes_internal_abi.cc">
      <Filter>ABI\ios_authorize</Filter>
    </ClCompile>
    <ClCompile Include="..\ABI\ios_authorize\iTunesInterface.cpp">
      <Filter>ABI\ios_authorize</Filter>
    </ClCompile>
    <ClCompile Include="..\ABI\ios_authorize\Sync.cpp">
      <Filter>ABI\ios_authorize</Filter>
    </ClCompile>
    <ClCompile Include="..\ABI\ios_authorize\Universal.cpp">
      <Filter>ABI\ios_authorize</Filter>
    </ClCompile>
    <ClCompile Include="apple_support.cc">
      <Filter>ios_cracker</Filter>
    </ClCompile>
    <ClCompile Include="..\ABI\thirdparty\glog\logging.cc">
      <Filter>ABI\thirdparty\glog</Filter>
    </ClCompile>
    <ClCompile Include="apple_ssl.cc">
      <Filter>ios_cracker</Filter>
    </ClCompile>
    <ClCompile Include="..\ABI\base\string\string_conv.cc">
      <Filter>ABI\base\string</Filter>
    </ClCompile>
    <ClCompile Include="..\ABI\ios_authorize\apple_device_auth.cc">
      <Filter>ABI\ios_authorize</Filter>
    </ClCompile>
    <ClCompile Include="..\ABI\base\windows_process.cc">
      <Filter>ABI\base</Filter>
    </ClCompile>
    <ClCompile Include="..\ABI\ios_authorize\apple_remote_auth.cc">
      <Filter>ABI\ios_authorize</Filter>
    </ClCompile>
    <ClCompile Include="..\ABI\base\string\urls_conv.cc">
      <Filter>ABI\base\string</Filter>
    </ClCompile>
    <ClCompile Include="..\ABI\base\message_hook.cc">
      <Filter>ABI\base</Filter>
    </ClCompile>
    <ClCompile Include="..\ABI\base\process_token.cc">
      <Filter>ABI\base</Filter>
    </ClCompile>
    <ClCompile Include="..\ABI\ios_authorize\itunes_module_state.cc">
      <Filter>ABI\ios_authorize</Filter>
    </ClCompile>
    <ClCompile Include="atl_dll_main.cc">
      <Filter>ios_cracker</Filter>
    </ClCompile>
    <ClCompile Include="..\smartbot\cookies\cookie_constants.cc">
      <Filter>smartbot\cookies</Filter>
    </ClCompile>
    <ClCompile Include="..\smartbot\cookies\parsed_cookie.cc">
      <Filter>smartbot\cookies</Filter>
    </ClCompile>
    <ClCompile Include="..\smartbot\passport\itunes_client_interface.cc">
      <Filter>smartbot\passport</Filter>
    </ClCompile>
    <ClCompile Include="..\smartbot\passport\itunes_cookie_interface.cc">
      <Filter>smartbot\passport</Filter>
    </ClCompile>
    <ClCompile Include="..\smartbot\passport\itunes_download_info.cc">
      <Filter>smartbot\passport</Filter>
    </ClCompile>
    <ClCompile Include="..\smartbot\passport\itunes_https.cc">
      <Filter>smartbot\passport</Filter>
    </ClCompile>
    <ClCompile Include="..\smartbot\passport\itunes_https_configure.cc">
      <Filter>smartbot\passport</Filter>
    </ClCompile>
    <ClCompile Include="..\smartbot\passport\itunes_native_interface.cc">
      <Filter>smartbot\passport</Filter>
    </ClCompile>
    <ClCompile Include="..\smartbot\thirdparty\glog\logging.cc">
      <Filter>smartbot\thirdparty\glog</Filter>
    </ClCompile>
    <ClCompile Include="..\smartbot\account\third_appleid.cc">
      <Filter>smartbot\account</Filter>
    </ClCompile>
    <ClCompile Include="..\smartbot\account\third_mailid.cc">
      <Filter>smartbot\account</Filter>
    </ClCompile>
    <ClCompile Include="..\smartbot\account\register_new.cc">
      <Filter>smartbot\account</Filter>
    </ClCompile>
    <ClCompile Include="..\smartbot\base\string\string_conv.cc">
      <Filter>smartbot\base\string</Filter>
    </ClCompile>
    <ClCompile Include="..\ios_helper\go_auth_device.cc">
      <Filter>ios_helper</Filter>
    </ClCompile>
    <ClCompile Include="..\ios_helper\hook_os_info.cc">
      <Filter>ios_helper</Filter>
    </ClCompile>
    <ClCompile Include="..\ios_helper\registed_filter.cc">
      <Filter>ios_helper</Filter>
    </ClCompile>
    <ClCompile Include="..\ABI\exception\exception_dump.cc">
      <Filter>ABI\exception</Filter>
    </ClCompile>
    <ClCompile Include="..\ios_helper\remote_auth_request_impl.cc">
      <Filter>ios_helper</Filter>
    </ClCompile>
    <ClCompile Include="..\ABI\detours\creatwth.cpp">
      <Filter>ABI\detours</Filter>
    </ClCompile>
    <ClCompile Include="..\ABI\detours\detours.cpp">
      <Filter>ABI\detours</Filter>
    </ClCompile>
    <ClCompile Include="..\ABI\detours\disasm.cpp">
      <Filter>ABI\detours</Filter>
    </ClCompile>
    <ClCompile Include="..\ABI\detours\disolarm.cpp">
      <Filter>ABI\detours</Filter>
    </ClCompile>
    <ClCompile Include="..\ABI\detours\disolarm64.cpp">
      <Filter>ABI\detours</Filter>
    </ClCompile>
    <ClCompile Include="..\ABI\detours\disolia64.cpp">
      <Filter>ABI\detours</Filter>
    </ClCompile>
    <ClCompile Include="..\ABI\detours\disolx64.cpp">
      <Filter>ABI\detours</Filter>
    </ClCompile>
    <ClCompile Include="..\ABI\detours\disolx86.cpp">
      <Filter>ABI\detours</Filter>
    </ClCompile>
    <ClCompile Include="..\ABI\detours\image.cpp">
      <Filter>ABI\detours</Filter>
    </ClCompile>
    <ClCompile Include="..\ABI\detours\modules.cpp">
      <Filter>ABI\detours</Filter>
    </ClCompile>
    <ClCompile Include="..\ABI\detours\uimports.cpp">
      <Filter>ABI\detours</Filter>
    </ClCompile>
    <ClCompile Include="..\ABI\google-breakpad\handler\exception_handler.cc">
      <Filter>ABI\google-breakpad\handler</Filter>
    </ClCompile>
    <ClCompile Include="..\ABI\google-breakpad\crash_generation\crash_generation_server.cc">
      <Filter>ABI\google-breakpad\crash_generation</Filter>
    </ClCompile>
    <ClCompile Include="..\ABI\google-breakpad\crash_generation\minidump_generator.cc">
      <Filter>ABI\google-breakpad\crash_generation</Filter>
    </ClCompile>
    <ClCompile Include="..\ABI\google-breakpad\crash_generation\client_info.cc">
      <Filter>ABI\google-breakpad\crash_generation</Filter>
    </ClCompile>
    <ClCompile Include="..\ABI\google-breakpad\crash_generation\crash_generation_client.cc">
      <Filter>ABI\google-breakpad\crash_generation</Filter>
    </ClCompile>
    <ClCompile Include="..\ABI\google-breakpad\windows\omap.cc">
      <Filter>ABI\google-breakpad\windows</Filter>
    </ClCompile>
    <ClCompile Include="..\ABI\google-breakpad\windows\omap_unittest.cc">
      <Filter>ABI\google-breakpad\windows</Filter>
    </ClCompile>
    <ClCompile Include="..\ABI\google-breakpad\windows\pdb_source_line_writer.cc">
      <Filter>ABI\google-breakpad\windows</Filter>
    </ClCompile>
    <ClCompile Include="..\ABI\google-breakpad\windows\string_utils.cc">
      <Filter>ABI\google-breakpad\windows</Filter>
    </ClCompile>
    <ClCompile Include="..\ABI\google-breakpad\windows\dia_util.cc">
      <Filter>ABI\google-breakpad\windows</Filter>
    </ClCompile>
    <ClCompile Include="..\ABI\google-breakpad\windows\guid_string.cc">
      <Filter>ABI\google-breakpad\windows</Filter>
    </ClCompile>
    <ClCompile Include="..\ABI\google-breakpad\windows\http_upload.cc">
      <Filter>ABI\google-breakpad\windows</Filter>
    </ClCompile>
    <ClCompile Include="..\ABI\googlemock\gmock-internal-utils.cc">
      <Filter>ABI\googlemock</Filter>
    </ClCompile>
    <ClCompile Include="..\ABI\googlemock\gmock-matchers.cc">
      <Filter>ABI\googlemock</Filter>
    </ClCompile>
    <ClCompile Include="..\ABI\googlemock\gmock-spec-builders.cc">
      <Filter>ABI\googlemock</Filter>
    </ClCompile>
    <ClCompile Include="..\ABI\googlemock\gmock.cc">
      <Filter>ABI\googlemock</Filter>
    </ClCompile>
    <ClCompile Include="..\ABI\googlemock\gmock_main.cc">
      <Filter>ABI\googlemock</Filter>
    </ClCompile>
    <ClCompile Include="..\ABI\googlemock\gmock-all.cc">
      <Filter>ABI\googlemock</Filter>
    </ClCompile>
    <ClCompile Include="..\ABI\googlemock\gmock-cardinalities.cc">
      <Filter>ABI\googlemock</Filter>
    </ClCompile>
    <ClCompile Include="..\ABI\googletest\gtest-death-test.cc">
      <Filter>ABI\googletest</Filter>
    </ClCompile>
    <ClCompile Include="..\ABI\googletest\gtest-filepath.cc">
      <Filter>ABI\googletest</Filter>
    </ClCompile>
    <ClCompile Include="..\ABI\googletest\gtest-port.cc">
      <Filter>ABI\googletest</Filter>
    </ClCompile>
    <ClCompile Include="..\ABI\googletest\gtest-printers.cc">
      <Filter>ABI\googletest</Filter>
    </ClCompile>
    <ClCompile Include="..\ABI\googletest\gtest-test-part.cc">
      <Filter>ABI\googletest</Filter>
    </ClCompile>
    <ClCompile Include="..\ABI\googletest\gtest-typed-test.cc">
      <Filter>ABI\googletest</Filter>
    </ClCompile>
    <ClCompile Include="..\ABI\googletest\gtest.cc">
      <Filter>ABI\googletest</Filter>
    </ClCompile>
    <ClCompile Include="..\ABI\googletest\gtest_main.cc">
      <Filter>ABI\googletest</Filter>
    </ClCompile>
    <ClCompile Include="..\ABI\googletest\gtest-all.cc">
      <Filter>ABI\googletest</Filter>
    </ClCompile>
    <ClCompile Include="aiddll.cpp" />
    <ClCompile Include="..\ABI\jsoncpp\json_reader.cpp">
      <Filter>ABI\jsoncpp</Filter>
    </ClCompile>
    <ClCompile Include="..\ABI\jsoncpp\json_value.cpp">
      <Filter>ABI\jsoncpp</Filter>
    </ClCompile>
    <ClCompile Include="..\ABI\jsoncpp\json_writer.cpp">
      <Filter>ABI\jsoncpp</Filter>
    </ClCompile>
    <ClCompile Include="..\ProtoBuf\GenerateRS\GenerateRS.grpc.pb.cc">
      <Filter>ProtoBuf\GenerateRS</Filter>
    </ClCompile>
    <ClCompile Include="..\ProtoBuf\GenerateRS\GenerateRS.pb.cc">
      <Filter>ProtoBuf\GenerateRS</Filter>
    </ClCompile>
    <ClCompile Include="GenerateRS_client.cc">
      <Filter>ProtoBuf\GenerateRS</Filter>
    </ClCompile>
  </ItemGroup>
  <ItemGroup>
    <ClInclude Include="..\ABI\base\string\string_case.h">
      <Filter>ABI\base\string</Filter>
    </ClInclude>
    <ClInclude Include="..\ABI\base\string\string_split.h">
      <Filter>ABI\base\string</Filter>
    </ClInclude>
    <ClInclude Include="..\ABI\base\windows_hardware.h">
      <Filter>ABI\base</Filter>
    </ClInclude>
    <ClInclude Include="..\ABI\base\windows_version.h">
      <Filter>ABI\base</Filter>
    </ClInclude>
    <ClInclude Include="..\ABI\ios_authorize\itunes_module.h">
      <Filter>ABI\ios_authorize</Filter>
    </ClInclude>
    <ClInclude Include="..\ABI\itunes_reverse\itunes_abi.h">
      <Filter>ABI\itunes_reverse</Filter>
    </ClInclude>
    <ClInclude Include="..\ABI\base\basetypes.h">
      <Filter>ABI\base</Filter>
    </ClInclude>
    <ClInclude Include="..\ABI\base\file\directory.h">
      <Filter>ABI\base\file</Filter>
    </ClInclude>
    <ClInclude Include="..\ABI\base\file\path.h">
      <Filter>ABI\base\file</Filter>
    </ClInclude>
    <ClInclude Include="..\ABI\ios_authorize\apple_import.h">
      <Filter>ABI\ios_authorize</Filter>
    </ClInclude>
    <ClInclude Include="..\ABI\ios_authorize\itunes_internal_abi.h">
      <Filter>ABI\ios_authorize</Filter>
    </ClInclude>
    <ClInclude Include="..\ABI\ios_authorize\iTunesInterface.h">
      <Filter>ABI\ios_authorize</Filter>
    </ClInclude>
    <ClInclude Include="..\ABI\ios_authorize\MobileDevice.h">
      <Filter>ABI\ios_authorize</Filter>
    </ClInclude>
    <ClInclude Include="..\ABI\ios_authorize\Sync.h">
      <Filter>ABI\ios_authorize</Filter>
    </ClInclude>
    <ClInclude Include="..\ABI\ios_authorize\Universal.h">
      <Filter>ABI\ios_authorize</Filter>
    </ClInclude>
    <ClInclude Include="apple_support.h">
      <Filter>ios_cracker</Filter>
    </ClInclude>
    <ClInclude Include="..\ABI\thirdparty\glog\basictypes.h">
      <Filter>ABI\thirdparty\glog</Filter>
    </ClInclude>
    <ClInclude Include="..\ABI\thirdparty\glog\logging.h">
      <Filter>ABI\thirdparty\glog</Filter>
    </ClInclude>
    <ClInclude Include="..\ABI\thirdparty\glog\scoped_ptr.h">
      <Filter>ABI\thirdparty\glog</Filter>
    </ClInclude>
    <ClInclude Include="apple_ssl.h">
      <Filter>ios_cracker</Filter>
    </ClInclude>
    <ClInclude Include="..\ABI\base\string\string_conv.h">
      <Filter>ABI\base\string</Filter>
    </ClInclude>
    <ClInclude Include="..\ABI\ios_authorize\rs_gen.h">
      <Filter>ABI\ios_authorize</Filter>
    </ClInclude>
    <ClInclude Include="..\ABI\ios_authorize\rs_sig_gen.h">
      <Filter>ABI\ios_authorize</Filter>
    </ClInclude>
    <ClInclude Include="..\ABI\ios_authorize\rq_gen.h">
      <Filter>ABI\ios_authorize</Filter>
    </ClInclude>
    <ClInclude Include="..\ABI\ios_authorize\rq_sig_gen.h">
      <Filter>ABI\ios_authorize</Filter>
    </ClInclude>
    <ClInclude Include="..\ABI\ios_authorize\apple_mobile_device_ex.h">
      <Filter>ABI\ios_authorize</Filter>
    </ClInclude>
    <ClInclude Include="..\ABI\ios_authorize\apple_device_auth.h">
      <Filter>ABI\ios_authorize</Filter>
    </ClInclude>
    <ClInclude Include="..\ABI\base\windows_process.h">
      <Filter>ABI\base</Filter>
    </ClInclude>
    <ClInclude Include="..\ABI\ios_authorize\apple_remote_auth.h">
      <Filter>ABI\ios_authorize</Filter>
    </ClInclude>
    <ClInclude Include="..\ABI\base\string\urls_conv.h">
      <Filter>ABI\base\string</Filter>
    </ClInclude>
    <ClInclude Include="..\ABI\base\message_loop.h">
      <Filter>ABI\base</Filter>
    </ClInclude>
    <ClInclude Include="..\ABI\base\message_hook.h">
      <Filter>ABI\base</Filter>
    </ClInclude>
    <ClInclude Include="..\ABI\base\lock_impl.h">
      <Filter>ABI\base</Filter>
    </ClInclude>
    <ClInclude Include="..\ABI\base\lock_mutex.h">
      <Filter>ABI\base</Filter>
    </ClInclude>
    <ClInclude Include="..\ABI\base\process_token.h">
      <Filter>ABI\base</Filter>
    </ClInclude>
    <ClInclude Include="..\ABI\ios_authorize\itunes_module_state.h">
      <Filter>ABI\ios_authorize</Filter>
    </ClInclude>
    <ClInclude Include="atl_dll_main.h">
      <Filter>ios_cracker</Filter>
    </ClInclude>
    <ClInclude Include="..\smartbot\cookies\cookie_constants.h">
      <Filter>smartbot\cookies</Filter>
    </ClInclude>
    <ClInclude Include="..\smartbot\cookies\parsed_cookie.h">
      <Filter>smartbot\cookies</Filter>
    </ClInclude>
    <ClInclude Include="..\smartbot\memory\alloc_vtable.h">
      <Filter>smartbot\memory</Filter>
    </ClInclude>
    <ClInclude Include="..\smartbot\passport\basictypes.h">
      <Filter>smartbot\passport</Filter>
    </ClInclude>
    <ClInclude Include="..\smartbot\passport\itunes_client_interface.h">
      <Filter>smartbot\passport</Filter>
    </ClInclude>
    <ClInclude Include="..\smartbot\passport\itunes_cookie_interface.h">
      <Filter>smartbot\passport</Filter>
    </ClInclude>
    <ClInclude Include="..\smartbot\passport\itunes_download_info.h">
      <Filter>smartbot\passport</Filter>
    </ClInclude>
    <ClInclude Include="..\smartbot\passport\itunes_https.h">
      <Filter>smartbot\passport</Filter>
    </ClInclude>
    <ClInclude Include="..\smartbot\passport\itunes_https_configure.h">
      <Filter>smartbot\passport</Filter>
    </ClInclude>
    <ClInclude Include="..\smartbot\passport\itunes_internal_interface.h">
      <Filter>smartbot\passport</Filter>
    </ClInclude>
    <ClInclude Include="..\smartbot\passport\itunes_native_interface.h">
      <Filter>smartbot\passport</Filter>
    </ClInclude>
    <ClInclude Include="..\smartbot\thirdparty\glog\basictypes.h">
      <Filter>smartbot\thirdparty\glog</Filter>
    </ClInclude>
    <ClInclude Include="..\smartbot\thirdparty\glog\logging.h">
      <Filter>smartbot\thirdparty\glog</Filter>
    </ClInclude>
    <ClInclude Include="..\smartbot\thirdparty\glog\scoped_ptr.h">
      <Filter>smartbot\thirdparty\glog</Filter>
    </ClInclude>
    <ClInclude Include="..\smartbot\account\third_appleid.h">
      <Filter>smartbot\account</Filter>
    </ClInclude>
    <ClInclude Include="..\smartbot\account\third_mailid.h">
      <Filter>smartbot\account</Filter>
    </ClInclude>
    <ClInclude Include="..\smartbot\account\register_new.h">
      <Filter>smartbot\account</Filter>
    </ClInclude>
    <ClInclude Include="..\smartbot\base\string\string_case.h">
      <Filter>smartbot\base\string</Filter>
    </ClInclude>
    <ClInclude Include="..\smartbot\base\string\string_conv.h">
      <Filter>smartbot\base\string</Filter>
    </ClInclude>
    <ClInclude Include="..\smartbot\base\string\string_split.h">
      <Filter>smartbot\base\string</Filter>
    </ClInclude>
    <ClInclude Include="..\ios_helper\go_auth_device.h">
      <Filter>ios_helper</Filter>
    </ClInclude>
    <ClInclude Include="..\ios_helper\hook_os_info.h">
      <Filter>ios_helper</Filter>
    </ClInclude>
    <ClInclude Include="..\ios_helper\registed_filter.h">
      <Filter>ios_helper</Filter>
    </ClInclude>
    <ClInclude Include="..\ABI\exception\exception_dump.h">
      <Filter>ABI\exception</Filter>
    </ClInclude>
    <ClInclude Include="..\ios_helper\remote_auth_request_impl.h">
      <Filter>ios_helper</Filter>
    </ClInclude>
    <ClInclude Include="..\ABI\detours\detours.h">
      <Filter>ABI\detours</Filter>
    </ClInclude>
    <ClInclude Include="..\ABI\detours\detver.h">
      <Filter>ABI\detours</Filter>
    </ClInclude>
    <ClInclude Include="..\ABI\google-breakpad\handler\exception_handler.h">
      <Filter>ABI\google-breakpad\handler</Filter>
    </ClInclude>
    <ClInclude Include="..\ABI\google-breakpad\common\ipc_protocol.h">
      <Filter>ABI\google-breakpad\common</Filter>
    </ClInclude>
    <ClInclude Include="..\ABI\google-breakpad\common\auto_critical_section.h">
      <Filter>ABI\google-breakpad\common</Filter>
    </ClInclude>
    <ClInclude Include="..\ABI\google-breakpad\crash_generation\crash_generation_server.h">
      <Filter>ABI\google-breakpad\crash_generation</Filter>
    </ClInclude>
    <ClInclude Include="..\ABI\google-breakpad\crash_generation\minidump_generator.h">
      <Filter>ABI\google-breakpad\crash_generation</Filter>
    </ClInclude>
    <ClInclude Include="..\ABI\google-breakpad\crash_generation\client_info.h">
      <Filter>ABI\google-breakpad\crash_generation</Filter>
    </ClInclude>
    <ClInclude Include="..\ABI\google-breakpad\crash_generation\crash_generation_client.h">
      <Filter>ABI\google-breakpad\crash_generation</Filter>
    </ClInclude>
    <ClInclude Include="..\ABI\google-breakpad\common\scoped_ptr.h">
      <Filter>ABI\google-breakpad\common</Filter>
    </ClInclude>
    <ClInclude Include="..\ABI\google-breakpad\common\breakpad_types.h">
      <Filter>ABI\google-breakpad\common</Filter>
    </ClInclude>
    <ClInclude Include="..\ABI\google-breakpad\common\minidump_exception_ps3.h">
      <Filter>ABI\google-breakpad\common</Filter>
    </ClInclude>
    <ClInclude Include="..\ABI\google-breakpad\common\minidump_exception_solaris.h">
      <Filter>ABI\google-breakpad\common</Filter>
    </ClInclude>
    <ClInclude Include="..\ABI\google-breakpad\common\minidump_exception_win32.h">
      <Filter>ABI\google-breakpad\common</Filter>
    </ClInclude>
    <ClInclude Include="..\ABI\google-breakpad\common\minidump_format.h">
      <Filter>ABI\google-breakpad\common</Filter>
    </ClInclude>
    <ClInclude Include="..\ABI\google-breakpad\common\minidump_size.h">
      <Filter>ABI\google-breakpad\common</Filter>
    </ClInclude>
    <ClInclude Include="..\ABI\google-breakpad\common\minidump_cpu_amd64.h">
      <Filter>ABI\google-breakpad\common</Filter>
    </ClInclude>
    <ClInclude Include="..\ABI\google-breakpad\common\minidump_cpu_arm.h">
      <Filter>ABI\google-breakpad\common</Filter>
    </ClInclude>
    <ClInclude Include="..\ABI\google-breakpad\common\minidump_cpu_arm64.h">
      <Filter>ABI\google-breakpad\common</Filter>
    </ClInclude>
    <ClInclude Include="..\ABI\google-breakpad\common\minidump_cpu_mips.h">
      <Filter>ABI\google-breakpad\common</Filter>
    </ClInclude>
    <ClInclude Include="..\ABI\google-breakpad\common\minidump_cpu_ppc.h">
      <Filter>ABI\google-breakpad\common</Filter>
    </ClInclude>
    <ClInclude Include="..\ABI\google-breakpad\common\minidump_cpu_ppc64.h">
      <Filter>ABI\google-breakpad\common</Filter>
    </ClInclude>
    <ClInclude Include="..\ABI\google-breakpad\common\minidump_cpu_sparc.h">
      <Filter>ABI\google-breakpad\common</Filter>
    </ClInclude>
    <ClInclude Include="..\ABI\google-breakpad\common\minidump_cpu_x86.h">
      <Filter>ABI\google-breakpad\common</Filter>
    </ClInclude>
    <ClInclude Include="..\ABI\google-breakpad\common\minidump_exception_linux.h">
      <Filter>ABI\google-breakpad\common</Filter>
    </ClInclude>
    <ClInclude Include="..\ABI\google-breakpad\common\minidump_exception_mac.h">
      <Filter>ABI\google-breakpad\common</Filter>
    </ClInclude>
    <ClInclude Include="..\ABI\google-breakpad\windows\omap.h">
      <Filter>ABI\google-breakpad\windows</Filter>
    </ClInclude>
    <ClInclude Include="..\ABI\google-breakpad\windows\omap_internal.h">
      <Filter>ABI\google-breakpad\windows</Filter>
    </ClInclude>
    <ClInclude Include="..\ABI\google-breakpad\windows\pdb_source_line_writer.h">
      <Filter>ABI\google-breakpad\windows</Filter>
    </ClInclude>
    <ClInclude Include="..\ABI\google-breakpad\windows\string_utils-inl.h">
      <Filter>ABI\google-breakpad\windows</Filter>
    </ClInclude>
    <ClInclude Include="..\ABI\google-breakpad\windows\dia_util.h">
      <Filter>ABI\google-breakpad\windows</Filter>
    </ClInclude>
    <ClInclude Include="..\ABI\google-breakpad\windows\guid_string.h">
      <Filter>ABI\google-breakpad\windows</Filter>
    </ClInclude>
    <ClInclude Include="..\ABI\google-breakpad\windows\http_upload.h">
      <Filter>ABI\google-breakpad\windows</Filter>
    </ClInclude>
    <ClInclude Include="..\ABI\googlemock\gmock\gmock-cardinalities.h">
      <Filter>ABI\googlemock\gmock</Filter>
    </ClInclude>
    <ClInclude Include="..\ABI\googlemock\gmock\gmock-generated-actions.h">
      <Filter>ABI\googlemock\gmock</Filter>
    </ClInclude>
    <ClInclude Include="..\ABI\googlemock\gmock\gmock-generated-function-mockers.h">
      <Filter>ABI\googlemock\gmock</Filter>
    </ClInclude>
    <ClInclude Include="..\ABI\googlemock\gmock\gmock-generated-matchers.h">
      <Filter>ABI\googlemock\gmock</Filter>
    </ClInclude>
    <ClInclude Include="..\ABI\googlemock\gmock\gmock-generated-nice-strict.h">
      <Filter>ABI\googlemock\gmock</Filter>
    </ClInclude>
    <ClInclude Include="..\ABI\googlemock\gmock\gmock-matchers.h">
      <Filter>ABI\googlemock\gmock</Filter>
    </ClInclude>
    <ClInclude Include="..\ABI\googlemock\gmock\gmock-more-actions.h">
      <Filter>ABI\googlemock\gmock</Filter>
    </ClInclude>
    <ClInclude Include="..\ABI\googlemock\gmock\gmock-more-matchers.h">
      <Filter>ABI\googlemock\gmock</Filter>
    </ClInclude>
    <ClInclude Include="..\ABI\googlemock\gmock\gmock-spec-builders.h">
      <Filter>ABI\googlemock\gmock</Filter>
    </ClInclude>
    <ClInclude Include="..\ABI\googlemock\gmock\gmock.h">
      <Filter>ABI\googlemock\gmock</Filter>
    </ClInclude>
    <ClInclude Include="..\ABI\googlemock\gmock\gmock-actions.h">
      <Filter>ABI\googlemock\gmock</Filter>
    </ClInclude>
    <ClInclude Include="..\ABI\googlemock\gmock\internal\gmock-internal-utils.h">
      <Filter>ABI\googlemock\gmock\internal</Filter>
    </ClInclude>
    <ClInclude Include="..\ABI\googlemock\gmock\internal\gmock-port.h">
      <Filter>ABI\googlemock\gmock\internal</Filter>
    </ClInclude>
    <ClInclude Include="..\ABI\googlemock\gmock\internal\gmock-generated-internal-utils.h">
      <Filter>ABI\googlemock\gmock\internal</Filter>
    </ClInclude>
    <ClInclude Include="..\ABI\googlemock\gmock\internal\custom\gmock-matchers.h">
      <Filter>ABI\googlemock\gmock\internal\custom</Filter>
    </ClInclude>
    <ClInclude Include="..\ABI\googlemock\gmock\internal\custom\gmock-port.h">
      <Filter>ABI\googlemock\gmock\internal\custom</Filter>
    </ClInclude>
    <ClInclude Include="..\ABI\googlemock\gmock\internal\custom\gmock-generated-actions.h">
      <Filter>ABI\googlemock\gmock\internal\custom</Filter>
    </ClInclude>
    <ClInclude Include="..\ABI\googletest\gtest-internal-inl.h">
      <Filter>ABI\googletest</Filter>
    </ClInclude>
    <ClInclude Include="..\ABI\googletest\gtest\gtest-param-test.h">
      <Filter>ABI\googletest\gtest</Filter>
    </ClInclude>
    <ClInclude Include="..\ABI\googletest\gtest\gtest-printers.h">
      <Filter>ABI\googletest\gtest</Filter>
    </ClInclude>
    <ClInclude Include="..\ABI\googletest\gtest\gtest-spi.h">
      <Filter>ABI\googletest\gtest</Filter>
    </ClInclude>
    <ClInclude Include="..\ABI\googletest\gtest\gtest-test-part.h">
      <Filter>ABI\googletest\gtest</Filter>
    </ClInclude>
    <ClInclude Include="..\ABI\googletest\gtest\gtest-typed-test.h">
      <Filter>ABI\googletest\gtest</Filter>
    </ClInclude>
    <ClInclude Include="..\ABI\googletest\gtest\gtest.h">
      <Filter>ABI\googletest\gtest</Filter>
    </ClInclude>
    <ClInclude Include="..\ABI\googletest\gtest\gtest_pred_impl.h">
      <Filter>ABI\googletest\gtest</Filter>
    </ClInclude>
    <ClInclude Include="..\ABI\googletest\gtest\gtest_prod.h">
      <Filter>ABI\googletest\gtest</Filter>
    </ClInclude>
    <ClInclude Include="..\ABI\googletest\gtest\gtest-death-test.h">
      <Filter>ABI\googletest\gtest</Filter>
    </ClInclude>
    <ClInclude Include="..\ABI\googletest\gtest\gtest-message.h">
      <Filter>ABI\googletest\gtest</Filter>
    </ClInclude>
    <ClInclude Include="..\ABI\googletest\gtest\internal\gtest-param-util.h">
      <Filter>ABI\googletest\gtest\internal</Filter>
    </ClInclude>
    <ClInclude Include="..\ABI\googletest\gtest\internal\gtest-param-util-generated.h">
      <Filter>ABI\googletest\gtest\internal</Filter>
    </ClInclude>
    <ClInclude Include="..\ABI\googletest\gtest\internal\gtest-port.h">
      <Filter>ABI\googletest\gtest\internal</Filter>
    </ClInclude>
    <ClInclude Include="..\ABI\googletest\gtest\internal\gtest-port-arch.h">
      <Filter>ABI\googletest\gtest\internal</Filter>
    </ClInclude>
    <ClInclude Include="..\ABI\googletest\gtest\internal\gtest-string.h">
      <Filter>ABI\googletest\gtest\internal</Filter>
    </ClInclude>
    <ClInclude Include="..\ABI\googletest\gtest\internal\gtest-tuple.h">
      <Filter>ABI\googletest\gtest\internal</Filter>
    </ClInclude>
    <ClInclude Include="..\ABI\googletest\gtest\internal\gtest-type-util.h">
      <Filter>ABI\googletest\gtest\internal</Filter>
    </ClInclude>
    <ClInclude Include="..\ABI\googletest\gtest\internal\gtest-death-test-internal.h">
      <Filter>ABI\googletest\gtest\internal</Filter>
    </ClInclude>
    <ClInclude Include="..\ABI\googletest\gtest\internal\gtest-filepath.h">
      <Filter>ABI\googletest\gtest\internal</Filter>
    </ClInclude>
    <ClInclude Include="..\ABI\googletest\gtest\internal\gtest-internal.h">
      <Filter>ABI\googletest\gtest\internal</Filter>
    </ClInclude>
    <ClInclude Include="..\ABI\googletest\gtest\internal\gtest-linked_ptr.h">
      <Filter>ABI\googletest\gtest\internal</Filter>
    </ClInclude>
    <ClInclude Include="..\ABI\googletest\gtest\internal\custom\gtest-port.h">
      <Filter>ABI\googletest\gtest\internal\custom</Filter>
    </ClInclude>
    <ClInclude Include="..\ABI\googletest\gtest\internal\custom\gtest-printers.h">
      <Filter>ABI\googletest\gtest\internal\custom</Filter>
    </ClInclude>
    <ClInclude Include="..\ABI\googletest\gtest\internal\custom\gtest.h">
      <Filter>ABI\googletest\gtest\internal\custom</Filter>
    </ClInclude>
    <ClInclude Include="aiddll.h" />
    <ClInclude Include="..\ProtoBuf\GenerateRS\GenerateRS.grpc.pb.h">
      <Filter>ProtoBuf\GenerateRS</Filter>
    </ClInclude>
    <ClInclude Include="..\ProtoBuf\GenerateRS\GenerateRS.pb.h">
      <Filter>ProtoBuf\GenerateRS</Filter>
    </ClInclude>
    <ClInclude Include="GenerateRS_client.h">
      <Filter>ProtoBuf\GenerateRS</Filter>
    </ClInclude>
  </ItemGroup>
  <ItemGroup>
    <Filter Include="ABI">
      <UniqueIdentifier>{025889da-9a65-41e5-be9f-f2c0b6da384b}</UniqueIdentifier>
    </Filter>
    <Filter Include="ABI\base">
      <UniqueIdentifier>{ce936a14-45da-430d-ae29-e9391334ec53}</UniqueIdentifier>
    </Filter>
    <Filter Include="ABI\base\string">
      <UniqueIdentifier>{e973976c-a9f8-4155-8def-4ab2885126e1}</UniqueIdentifier>
    </Filter>
    <Filter Include="ABI\ios_authorize">
      <UniqueIdentifier>{a57e2f1e-e7ec-47bc-9339-1d3321eb8910}</UniqueIdentifier>
    </Filter>
    <Filter Include="ABI\itunes_reverse">
      <UniqueIdentifier>{8b577086-c810-4b2b-b306-acfb0af64764}</UniqueIdentifier>
    </Filter>
    <Filter Include="ABI\base\file">
      <UniqueIdentifier>{db0b1b5a-1fda-45fc-ad99-427f994da452}</UniqueIdentifier>
    </Filter>
    <Filter Include="ABI\thirdparty">
      <UniqueIdentifier>{4952609b-14f5-4fe8-91f3-64c8a9af3788}</UniqueIdentifier>
    </Filter>
    <Filter Include="ABI\thirdparty\glog">
      <UniqueIdentifier>{59b4a31f-c93f-462c-890c-151277b50d20}</UniqueIdentifier>
    </Filter>
    <Filter Include="ios_cracker">
      <UniqueIdentifier>{9d8a3040-8faa-4776-9c31-5862ed121ca3}</UniqueIdentifier>
    </Filter>
    <Filter Include="smartbot">
      <UniqueIdentifier>{6029e752-bd55-4bed-9caa-cd08b8a4c3d4}</UniqueIdentifier>
    </Filter>
    <Filter Include="smartbot\cookies">
      <UniqueIdentifier>{5e2422dd-0fce-4a8e-a85e-bc5138a4e21b}</UniqueIdentifier>
    </Filter>
    <Filter Include="smartbot\passport">
      <UniqueIdentifier>{d83dee05-fdc4-4278-b1d9-33478c45ea28}</UniqueIdentifier>
    </Filter>
    <Filter Include="smartbot\thirdparty">
      <UniqueIdentifier>{e33d0008-4b90-495e-a148-921eed79847f}</UniqueIdentifier>
    </Filter>
    <Filter Include="smartbot\thirdparty\glog">
      <UniqueIdentifier>{3e85f5b0-b06b-46a2-ac6e-31dd7d492eb8}</UniqueIdentifier>
    </Filter>
    <Filter Include="smartbot\thirdparty\jsoncpp">
      <UniqueIdentifier>{f00b7bad-130d-4e67-97f0-14ccbe2411e4}</UniqueIdentifier>
    </Filter>
    <Filter Include="smartbot\base">
      <UniqueIdentifier>{b4b5877b-16d8-4081-8da5-9fffafa6c98c}</UniqueIdentifier>
    </Filter>
    <Filter Include="smartbot\base\string">
      <UniqueIdentifier>{7f54cd40-f4d7-4956-933f-d81a595fd0c0}</UniqueIdentifier>
    </Filter>
    <Filter Include="smartbot\memory">
      <UniqueIdentifier>{7825c2fc-4cb4-4ce0-95ec-ce5340236c29}</UniqueIdentifier>
    </Filter>
    <Filter Include="smartbot\account">
      <UniqueIdentifier>{8ebb8299-2f0e-4c5e-af82-32a1a2e247a1}</UniqueIdentifier>
    </Filter>
    <Filter Include="ios_helper">
      <UniqueIdentifier>{c8ad4eb9-a595-42c1-9dc5-62cfeaf83ab8}</UniqueIdentifier>
    </Filter>
    <Filter Include="ABI\exception">
      <UniqueIdentifier>{c053e060-6e05-4304-b4d4-dcc1c3b94c6d}</UniqueIdentifier>
    </Filter>
    <Filter Include="ABI\detours">
      <UniqueIdentifier>{7a7da43c-3b0d-4cb4-b1f9-5f474d23c40b}</UniqueIdentifier>
    </Filter>
    <Filter Include="ABI\google-breakpad">
      <UniqueIdentifier>{0c951e80-b73e-42ce-9374-f60c134bda07}</UniqueIdentifier>
    </Filter>
    <Filter Include="ABI\google-breakpad\handler">
      <UniqueIdentifier>{50ad9f39-bec7-449f-aa1d-3cb1ba1e201f}</UniqueIdentifier>
    </Filter>
    <Filter Include="ABI\google-breakpad\common">
      <UniqueIdentifier>{259dceca-1297-4376-b737-8315d969df3d}</UniqueIdentifier>
    </Filter>
    <Filter Include="ABI\google-breakpad\crash_generation">
      <UniqueIdentifier>{9bf49ada-df24-4232-980d-1e0a8457c22a}</UniqueIdentifier>
    </Filter>
    <Filter Include="ABI\google-breakpad\windows">
      <UniqueIdentifier>{6dd971c8-69ed-460a-afe5-9ed7a7da1db4}</UniqueIdentifier>
    </Filter>
    <Filter Include="ABI\googlemock">
      <UniqueIdentifier>{871c92fb-97d2-4125-aa05-2a3ac72bcd19}</UniqueIdentifier>
    </Filter>
    <Filter Include="ABI\googlemock\gmock">
      <UniqueIdentifier>{8cc1b13e-ce84-47e5-9082-ed3f29c5391f}</UniqueIdentifier>
    </Filter>
    <Filter Include="ABI\googlemock\gmock\internal">
      <UniqueIdentifier>{975c7aa1-331d-415e-9fc3-2e54db0bf963}</UniqueIdentifier>
    </Filter>
    <Filter Include="ABI\googlemock\gmock\internal\custom">
      <UniqueIdentifier>{5ac94360-c12e-4083-ab9d-f2b463f0364c}</UniqueIdentifier>
    </Filter>
    <Filter Include="ABI\googletest">
      <UniqueIdentifier>{87571c79-4d7e-48af-b3a8-e08f0b9eb87a}</UniqueIdentifier>
    </Filter>
    <Filter Include="ABI\googletest\gtest">
      <UniqueIdentifier>{c8bb1f40-ba1f-4ffe-ba9e-54c5b3040a19}</UniqueIdentifier>
    </Filter>
    <Filter Include="ABI\googletest\gtest\internal">
      <UniqueIdentifier>{2c00d22a-1380-4044-8534-d635f199b8ce}</UniqueIdentifier>
    </Filter>
    <Filter Include="ABI\googletest\gtest\internal\custom">
      <UniqueIdentifier>{c27839bb-f4bd-44b3-abdd-8044d828631d}</UniqueIdentifier>
    </Filter>
    <Filter Include="ABI\jsoncpp">
      <UniqueIdentifier>{824c11f7-94e2-4d6f-bb0b-cf2ab0f9701a}</UniqueIdentifier>
    </Filter>
    <Filter Include="ProtoBuf">
      <UniqueIdentifier>{acd60040-544c-43b2-aaab-92c93c0e0899}</UniqueIdentifier>
    </Filter>
    <Filter Include="ProtoBuf\GenerateRS">
      <UniqueIdentifier>{48793949-008e-43d7-9104-b31f2f27a53e}</UniqueIdentifier>
    </Filter>
  </ItemGroup>
</Project>